
Microsoft Visual Studio Solution File, Format Version 12.00
# Visual Studio 15
VisualStudioVersion = 15.0.28307.1062
MinimumVisualStudioVersion = 10.0.40219.1
Project("{FAE04EC0-301F-11D3-BF4B-00C04F79EFBC}") = "consecionariaYoBa", "consecionariaYoBa\consecionariaYoBa.csproj", "{00BB54A7-9CCB-4329-86FE-048BFAB412B2}"
EndProject
Global
	GlobalSection(SolutionConfigurationPlatforms) = preSolution
		Debug|Any CPU = Debug|Any CPU
		Release|Any CPU = Release|Any CPU
	EndGlobalSection
	GlobalSection(ProjectConfigurationPlatforms) = postSolution
		{00BB54A7-9CCB-4329-86FE-048BFAB412B2}.Debug|Any CPU.ActiveCfg = Debug|Any CPU
		{00BB54A7-9CCB-4329-86FE-048BFAB412B2}.Debug|Any CPU.Build.0 = Debug|Any CPU
		{00BB54A7-9CCB-4329-86FE-048BFAB412B2}.Release|Any CPU.ActiveCfg = Release|Any CPU
		{00BB54A7-9CCB-4329-86FE-048BFAB412B2}.Release|Any CPU.Build.0 = Release|Any CPU
	EndGlobalSection
	GlobalSection(SolutionProperties) = preSolution
		HideSolutionNode = FALSE
	EndGlobalSection
	GlobalSection(ExtensibilityGlobals) = postSolution
		SolutionGuid = {B5455903-D7A0-446E-B8C3-58609F414638}
	EndGlobalSection
EndGlobal
